{
    "_readme": [
        "This file locks the dependencies of your project to a known state",
        "Read more about it at https://getcomposer.org/doc/01-basic-usage.md#composer-lock-the-lock-file",
        "This file is @generated automatically"
    ],
    "hash": "7eef37f0470804382beb2dcf5e704747",
    "content-hash": "1f31cb7d5a3a23ff0d74b4a717fe6433",
    "packages": [
        {
            "name": "jstayton/google-maps-geocoder",
            "version": "v2.4.0",
            "source": {
                "type": "git",
                "url": "https://github.com/jstayton/GoogleMapsGeocoder.git",
                "reference": "9da0b1363e0dc2908750e60af23f2d32b0afe855"
            },
            "dist": {
                "type": "zip",
                "url": "https://api.github.com/repos/jstayton/GoogleMapsGeocoder/zipball/9da0b1363e0dc2908750e60af23f2d32b0afe855",
                "reference": "9da0b1363e0dc2908750e60af23f2d32b0afe855",
                "shasum": ""
            },
            "require": {
                "php": ">=5.2.0"
            },
            "require-dev": {
                "phpdocumentor/phpdocumentor": "*"
            },
            "type": "library",
            "autoload": {
                "psr-0": {
                    "GoogleMapsGeocoder": "src/"
                }
            },
            "notification-url": "https://packagist.org/downloads/",
            "license": [
                "MIT"
            ],
            "authors": [
                {
                    "name": "Justin Stayton",
                    "homepage": "http://justinstayton.com",
                    "role": "Developer"
                }
            ],
            "description": "A PHP wrapper for the Google Maps Geocoding API v3.",
            "homepage": "https://github.com/jstayton/GoogleMapsGeocoder",
            "keywords": [
                "geocode",
                "geocoder",
                "geocoding",
                "gmap",
                "gmaps",
                "google",
                "map",
                "maps"
            ],
            "time": "2015-11-10 19:17:52"
        },
        {
            "name": "sergeytsalkov/meekrodb",
            "version": "v2.3",
            "source": {
                "type": "git",
                "url": "https://github.com/SergeyTsalkov/meekrodb.git",
                "reference": "eb36858f1aff94ae1665900e681a1cfb78563ee1"
            },
            "dist": {
                "type": "zip",
                "url": "https://api.github.com/repos/SergeyTsalkov/meekrodb/zipball/eb36858f1aff94ae1665900e681a1cfb78563ee1",
                "reference": "eb36858f1aff94ae1665900e681a1cfb78563ee1",
                "shasum": ""
            },
            "require": {
                "php": ">=5.2.0"
            },
            "type": "library",
            "autoload": {
                "classmap": [
                    "db.class.php"
                ]
            },
            "notification-url": "https://packagist.org/downloads/",
            "license": [
                "LGPL-3.0"
            ],
            "authors": [
                {
                    "name": "Sergey Tsalkov",
                    "email": "stsalkov@gmail.com"
                }
            ],
            "description": "The Simple PHP/MySQL Library",
            "homepage": "http://www.meekro.com",
            "keywords": [
                "database",
                "mysql",
                "mysqli",
                "pdo"
            ],
            "time": "2014-06-16 22:40:22"
        }
    ],
    "packages-dev": [],
    "aliases": [],
    "minimum-stability": "stable",
    "stability-flags": [],
    "prefer-stable": false,
    "prefer-lowest": false,
    "platform": [],
    "platform-dev": []
}
